// !$*UTF8*$!
{
	archiveVersion = 1;
	classes = {
	};
	objectVersion = 46;
	objects = {

/* Begin PBXBuildFile section */
		E204CD6F1D80904E00330089 /* main.m in Sources */ = {isa = PBXBuildFile; fileRef = E204CD6E1D80904E00330089 /* main.m */; };
		E204CD721D80904E00330089 /* AppDelegate.m in Sources */ = {isa = PBXBuildFile; fileRef = E204CD711D80904E00330089 /* AppDelegate.m */; };
		E204CD751D80904E00330089 /* ViewController.m in Sources */ = {isa = PBXBuildFile; fileRef = E204CD741D80904E00330089 /* ViewController.m */; };
		E204CD781D80904E00330089 /* Main.storyboard in Resources */ = {isa = PBXBuildFile; fileRef = E204CD761D80904E00330089 /* Main.storyboard */; };
		E204CD7A1D80904E00330089 /* Assets.xcassets in Resources */ = {isa = PBXBuildFile; fileRef = E204CD791D80904E00330089 /* Assets.xcassets */; };
		E204CD7D1D80904E00330089 /* LaunchScreen.storyboard in Resources */ = {isa = PBXBuildFile; fileRef = E204CD7B1D80904E00330089 /* LaunchScreen.storyboard */; };
		E204CD881D80904E00330089 /* SMUExampleOneTests.m in Sources */ = {isa = PBXBuildFile; fileRef = E204CD871D80904E00330089 /* SMUExampleOneTests.m */; };
		E204CD931D80904E00330089 /* SMUExampleOneUITests.m in Sources */ = {isa = PBXBuildFile; fileRef = E204CD921D80904E00330089 /* SMUExampleOneUITests.m */; };
/* End PBXBuildFile section */

/* Begin PBXContainerItemProxy section */
		E204CD841D80904E00330089 /* PBXContainerItemProxy */ = {
			isa = PBXContainerItemProxy;
			containerPortal = E204CD621D80904E00330089 /* Project object */;
			proxyType = 1;
			remoteGlobalIDString = E204CD691D80904E00330089;
			remoteInfo = SMUExampleOne;
		};
		E204CD8F1D80904E00330089 /* PBXContainerItemProxy */ = {
			isa = PBXContainerItemProxy;
			containerPortal = E204CD621D80904E00330089 /* Project object */;
			proxyType = 1;
			remoteGlobalIDString = E204CD691D80904E00330089;
			remoteInfo = SMUExampleOne;
		};
/* End PBXContainerItemProxy section */

/* Begin PBXFileReference section */
		E204CD6A1D80904E00330089 /* SMUExampleOne.app */ = {isa = PBXFileReference; explicitFileType = wrapper.application; includeInIndex = 0; path = SMUExampleOne.app; sourceTree = BUILT_PRODUCTS_DIR; };
		E204CD6E1D80904E00330089 /* main.m */ = {isa = PBXFileReference; lastKnownFileType = sourcecode.c.objc; path = main.m; sourceTree = "<group>"; };
		E204CD701D80904E00330089 /* AppDelegate.h */ = {isa = PBXFileReference; lastKnownFileType = sourcecode.c.h; path = AppDelegate.h; sourceTree = "<group>"; };
		E204CD711D80904E00330089 /* AppDelegate.m */ = {isa = PBXFileReference; lastKnownFileType = sourcecode.c.objc; path = AppDelegate.m; sourceTree = "<group>"; };
		E204CD731D80904E00330089 /* ViewController.h */ = {isa = PBXFileReference; lastKnownFileType = sourcecode.c.h; path = ViewController.h; sourceTree = "<group>"; };
		E204CD741D80904E00330089 /* ViewController.m */ = {isa = PBXFileReference; lastKnownFileType = sourcecode.c.objc; path = ViewController.m; sourceTree = "<group>"; };
		E204CD771D80904E00330089 /* Base */ = {isa = PBXFileReference; lastKnownFileType = file.storyboard; name = Base; path = Base.lproj/Main.storyboard; sourceTree = "<group>"; };
		E204CD791D80904E00330089 /* Assets.xcassets */ = {isa = PBXFileReference; lastKnownFileType = folder.assetcatalog; path = Assets.xcassets; sourceTree = "<group>"; };
		E204CD7C1D80904E00330089 /* Base */ = {isa = PBXFileReference; lastKnownFileType = file.storyboard; name = Base; path = Base.lproj/LaunchScreen.storyboard; sourceTree = "<group>"; };
		E204CD7E1D80904E00330089 /* Info.plist */ = {isa = PBXFileReference; lastKnownFileType = text.plist.xml; path = Info.plist; sourceTree = "<group>"; };
		E204CD831D80904E00330089 /* SMUExampleOneTests.xctest */ = {isa = PBXFileReference; explicitFileType = wrapper.cfbundle; includeInIndex = 0; path = SMUExampleOneTests.xctest; sourceTree = BUILT_PRODUCTS_DIR; };
		E204CD871D80904E00330089 /* SMUExampleOneTests.m */ = {isa = PBXFileReference; lastKnownFileType = sourcecode.c.objc; path = SMUExampleOneTests.m; sourceTree = "<group>"; };
		E204CD891D80904E00330089 /* Info.plist */ = {isa = PBXFileReference; lastKnownFileType = text.plist.xml; path = Info.plist; sourceTree = "<group>"; };
		E204CD8E1D80904E00330089 /* SMUExampleOneUITests.xctest */ = {isa = PBXFileReference; explicitFileType = wrapper.cfbundle; includeInIndex = 0; path = SMUExampleOneUITests.xctest; sourceTree = BUILT_PRODUCTS_DIR; };
		E204CD921D80904E00330089 /* SMUExampleOneUITests.m */ = {isa = PBXFileReference; lastKnownFileType = sourcecode.c.objc; path = SMUExampleOneUITests.m; sourceTree = "<group>"; };
		E204CD941D80904E00330089 /* Info.plist */ = {isa = PBXFileReference; lastKnownFileType = text.plist.xml; path = Info.plist; sourceTree = "<group>"; };
/* End PBXFileReference section */

/* Begin PBXFrameworksBuildPhase section */
		E204CD671D80904E00330089 /* Frameworks */ = {
			isa = PBXFrameworksBuildPhase;
			buildActionMask = 2147483647;
			files = (
			);
			runOnlyForDeploymentPostprocessing = 0;
		};
		E204CD801D80904E00330089 /* Frameworks */ = {
			isa = PBXFrameworksBuildPhase;
			buildActionMask = 2147483647;
			files = (
			);
			runOnlyForDeploymentPostprocessing = 0;
		};
		E204CD8B1D80904E00330089 /* Frameworks */ = {
			isa = PBXFrameworksBuildPhase;
			buildActionMask = 2147483647;
			files = (
			);
			runOnlyForDeploymentPostprocessing = 0;
		};
/* End PBXFrameworksBuildPhase section */

/* Begin PBXGroup section */
		E204CD611D80904E00330089 = {
			isa = PBXGroup;
			children = (
				E204CD6C1D80904E00330089 /* SMUExampleOne */,
				E204CD861D80904E00330089 /* SMUExampleOneTests */,
				E204CD911D80904E00330089 /* SMUExampleOneUITests */,
				E204CD6B1D80904E00330089 /* Products */,
			);
			sourceTree = "<group>";
		};
		E204CD6B1D80904E00330089 /* Products */ = {
			isa = PBXGroup;
			children = (
				E204CD6A1D80904E00330089 /* SMUExampleOne.app */,
				E204CD831D80904E00330089 /* SMUExampleOneTests.xctest */,
				E204CD8E1D80904E00330089 /* SMUExampleOneUITests.xctest */,
			);
			name = Products;
			sourceTree = "<group>";
		};
		E204CD6C1D80904E00330089 /* SMUExampleOne */ = {
			isa = PBXGroup;
			children = (
				E204CD701D80904E00330089 /* AppDelegate.h */,
				E204CD711D80904E00330089 /* AppDelegate.m */,
				E204CD731D80904E00330089 /* ViewController.h */,
				E204CD741D80904E00330089 /* ViewController.m */,
				E204CD761D80904E00330089 /* Main.storyboard */,
				E204CD791D80904E00330089 /* Assets.xcassets */,
				E204CD7B1D80904E00330089 /* LaunchScreen.storyboard */,
				E204CD7E1D80904E00330089 /* Info.plist */,
				E204CD6D1D80904E00330089 /* Supporting Files */,
			);
			path = SMUExampleOne;
			sourceTree = "<group>";
		};
		E204CD6D1D80904E00330089 /* Supporting Files */ = {
			isa = PBXGroup;
			children = (
				E204CD6E1D80904E00330089 /* main.m */,
			);
			name = "Supporting Files";
			sourceTree = "<group>";
		};
		E204CD861D80904E00330089 /* SMUExampleOneTests */ = {
			isa = PBXGroup;
			children = (
				E204CD871D80904E00330089 /* SMUExampleOneTests.m */,
				E204CD891D80904E00330089 /* Info.plist */,
			);
			path = SMUExampleOneTests;
			sourceTree = "<group>";
		};
		E204CD911D80904E00330089 /* SMUExampleOneUITests */ = {
			isa = PBXGroup;
			children = (
				E204CD921D80904E00330089 /* SMUExampleOneUITests.m */,
				E204CD941D80904E00330089 /* Info.plist */,
			);
			path = SMUExampleOneUITests;
			sourceTree = "<group>";
		};
/* End PBXGroup section */

/* Begin PBXNativeTarget section */
		E204CD691D80904E00330089 /* SMUExampleOne */ = {
			isa = PBXNativeTarget;
			buildConfigurationList = E204CD971D80904E00330089 /* Build configuration list for PBXNativeTarget "SMUExampleOne" */;
			buildPhases = (
				E204CD661D80904E00330089 /* Sources */,
				E204CD671D80904E00330089 /* Frameworks */,
				E204CD681D80904E00330089 /* Resources */,
			);
			buildRules = (
			);
			dependencies = (
			);
			name = SMUExampleOne;
			productName = SMUExampleOne;
			productReference = E204CD6A1D80904E00330089 /* SMUExampleOne.app */;
			productType = "com.apple.product-type.application";
		};
		E204CD821D80904E00330089 /* SMUExampleOneTests */ = {
			isa = PBXNativeTarget;
			buildConfigurationList = E204CD9A1D80904E00330089 /* Build configuration list for PBXNativeTarget "SMUExampleOneTests" */;
			buildPhases = (
				E204CD7F1D80904E00330089 /* Sources */,
				E204CD801D80904E00330089 /* Frameworks */,
				E204CD811D80904E00330089 /* Resources */,
			);
			buildRules = (
			);
			dependencies = (
				E204CD851D80904E00330089 /* PBXTargetDependency */,
			);
			name = SMUExampleOneTests;
			productName = SMUExampleOneTests;
			productReference = E204CD831D80904E00330089 /* SMUExampleOneTests.xctest */;
			productType = "com.apple.product-type.bundle.unit-test";
		};
		E204CD8D1D80904E00330089 /* SMUExampleOneUITests */ = {
			isa = PBXNativeTarget;
			buildConfigurationList = E204CD9D1D80904E00330089 /* Build configuration list for PBXNativeTarget "SMUExampleOneUITests" */;
			buildPhases = (
				E204CD8A1D80904E00330089 /* Sources */,
				E204CD8B1D80904E00330089 /* Frameworks */,
				E204CD8C1D80904E00330089 /* Resources */,
			);
			buildRules = (
			);
			dependencies = (
				E204CD901D80904E00330089 /* PBXTargetDependency */,
			);
			name = SMUExampleOneUITests;
			productName = SMUExampleOneUITests;
			productReference = E204CD8E1D80904E00330089 /* SMUExampleOneUITests.xctest */;
			productType = "com.apple.product-type.bundle.ui-testing";
		};
/* End PBXNativeTarget section */

/* Begin PBXProject section */
		E204CD621D80904E00330089 /* Project object */ = {
			isa = PBXProject;
			attributes = {
				LastUpgradeCheck = 0730;
				ORGANIZATIONNAME = "Vivek Sanghvi Jain";
				TargetAttributes = {
					E204CD691D80904E00330089 = {
						CreatedOnToolsVersion = 7.3.1;
					};
					E204CD821D80904E00330089 = {
						CreatedOnToolsVersion = 7.3.1;
						TestTargetID = E204CD691D80904E00330089;
					};
					E204CD8D1D80904E00330089 = {
						CreatedOnToolsVersion = 7.3.1;
						TestTargetID = E204CD691D80904E00330089;
					};
				};
			};
			buildConfigurationList = E204CD651D80904E00330089 /* Build configuration list for PBXProject "SMUExampleOne" */;
			compatibilityVersion = "Xcode 3.2";
			developmentRegion = English;
			hasScannedForEncodings = 0;
			knownRegions = (
				en,
				Base,
			);
			mainGroup = E204CD611D80904E00330089;
			productRefGroup = E204CD6B1D80904E00330089 /* Products */;
			projectDirPath = "";
			projectRoot = "";
			targets = (
				E204CD691D80904E00330089 /* SMUExampleOne */,
				E204CD821D80904E00330089 /* SMUExampleOneTests */,
				E204CD8D1D80904E00330089 /* SMUExampleOneUITests */,
			);
		};
/* End PBXProject section */

/* Begin PBXResourcesBuildPhase section */
		E204CD681D80904E00330089 /* Resources */ = {
			isa = PBXResourcesBuildPhase;
			buildActionMask = 2147483647;
			files = (
				E204CD7D1D80904E00330089 /* LaunchScreen.storyboard in Resources */,
				E204CD7A1D80904E00330089 /* Assets.xcassets in Resources */,
				E204CD781D80904E00330089 /* Main.storyboard in Resources */,
			);
			runOnlyForDeploymentPostprocessing = 0;
		};
		E204CD811D80904E00330089 /* Resources */ = {
			isa = PBXResourcesBuildPhase;
			buildActionMask = 2147483647;
			files = (
			);
			runOnlyForDeploymentPostprocessing = 0;
		};
		E204CD8C1D80904E00330089 /* Resources */ = {
			isa = PBXResourcesBuildPhase;
			buildActionMask = 2147483647;
			files = (
			);
			runOnlyForDeploymentPostprocessing = 0;
		};
/* End PBXResourcesBuildPhase section */

/* Begin PBXSourcesBuildPhase section */
		E204CD661D80904E00330089 /* Sources */ = {
			isa = PBXSourcesBuildPhase;
			buildActionMask = 2147483647;
			files = (
				E204CD751D80904E00330089 /* ViewController.m in Sources */,
				E204CD721D80904E00330089 /* AppDelegate.m in Sources */,
				E204CD6F1D80904E00330089 /* main.m in Sources */,
			);
			runOnlyForDeploymentPostprocessing = 0;
		};
		E204CD7F1D80904E00330089 /* Sources */ = {
			isa = PBXSourcesBuildPhase;
			buildActionMask = 2147483647;
			files = (
				E204CD881D80904E00330089 /* SMUExampleOneTests.m in Sources */,
			);
			runOnlyForDeploymentPostprocessing = 0;
		};
		E204CD8A1D80904E00330089 /* Sources */ = {
			isa = PBXSourcesBuildPhase;
			buildActionMask = 2147483647;
			files = (
				E204CD931D80904E00330089 /* SMUExampleOneUITests.m in Sources */,
			);
			runOnlyForDeploymentPostprocessing = 0;
		};
/* End PBXSourcesBuildPhase section */

/* Begin PBXTargetDependency section */
		E204CD851D80904E00330089 /* PBXTargetDependency */ = {
			isa = PBXTargetDependency;
			target = E204CD691D80904E00330089 /* SMUExampleOne */;
			targetProxy = E204CD841D80904E00330089 /* PBXContainerItemProxy */;
		};
		E204CD901D80904E00330089 /* PBXTargetDependency */ = {
			isa = PBXTargetDependency;
			target = E204CD691D80904E00330089 /* SMUExampleOne */;
			targetProxy = E204CD8F1D80904E00330089 /* PBXContainerItemProxy */;
		};
/* End PBXTargetDependency section */

/* Begin PBXVariantGroup section */
		E204CD761D80904E00330089 /* Main.storyboard */ = {
			isa = PBXVariantGroup;
			children = (
				E204CD771D80904E00330089 /* Base */,
			);
			name = Main.storyboard;
			sourceTree = "<group>";
		};
		E204CD7B1D80904E00330089 /* LaunchScreen.storyboard */ = {
			isa = PBXVariantGroup;
			children = (
				E204CD7C1D80904E00330089 /* Base */,
			);
			name = LaunchScreen.storyboard;
			sourceTree = "<group>";
		};
/* End PBXVariantGroup section */

/* Begin XCBuildConfiguration section */
		E204CD951D80904E00330089 /* Debug */ = {
			isa = XCBuildConfiguration;
			buildSettings = {
				ALWAYS_SEARCH_USER_PATHS = NO;
				CLANG_ANALYZER_NONNULL = YES;
				CLANG_CXX_LANGUAGE_STANDARD = "gnu++0x";
				CLANG_CXX_LIBRARY = "libc++";
				CLANG_ENABLE_MODULES = YES;
				CLANG_ENABLE_OBJC_ARC = YES;
				CLANG_WARN_BOOL_CONVERSION = YES;
				CLANG_WARN_CONSTANT_CONVERSION = YES;
				CLANG_WARN_DIRECT_OBJC_ISA_USAGE = YES_ERROR;
				CLANG_WARN_EMPTY_BODY = YES;
				CLANG_WARN_ENUM_CONVERSION = YES;
				CLANG_WARN_INT_CONVERSION = YES;
				CLANG_WARN_OBJC_ROOT_CLASS = YES_ERROR;
				CLANG_WARN_UNREACHABLE_CODE = YES;
				CLANG_WARN__DUPLICATE_METHOD_MATCH = YES;
				"CODE_SIGN_IDENTITY[sdk=iphoneos*]" = "iPhone Developer";
				COPY_PHASE_STRIP = NO;
				DEBUG_INFORMATION_FORMAT = dwarf;
				ENABLE_STRICT_OBJC_MSGSEND = YES;
				ENABLE_TESTABILITY = YES;
				GCC_C_LANGUAGE_STANDARD = gnu99;
				GCC_DYNAMIC_NO_PIC = NO;
				GCC_NO_COMMON_BLOCKS = YES;
				GCC_OPTIMIZATION_LEVEL = 0;
				GCC_PREPROCESSOR_DEFINITIONS = (
					"DEBUG=1",
					"$(inherited)",
				);
				GCC_WARN_64_TO_32_BIT_CONVERSION = YES;
				GCC_WARN_ABOUT_RETURN_TYPE = YES_ERROR;
				GCC_WARN_UNDECLARED_SELECTOR = YES;
				GCC_WARN_UNINITIALIZED_AUTOS = YES_AGGRESSIVE;
				GCC_WARN_UNUSED_FUNCTION = YES;
				GCC_WARN_UNUSED_VARIABLE = YES;
				IPHONEOS_DEPLOYMENT_TARGET = 9.3;
				MTL_ENABLE_DEBUG_INFO = YES;
				ONLY_ACTIVE_ARCH = YES;
				SDKROOT = iphoneos;
			};
			name = Debug;
		};
		E204CD961D80904E00330089 /* Release */ = {
			isa = XCBuildConfiguration;
			buildSettings = {
				ALWAYS_SEARCH_USER_PATHS = NO;
				CLANG_ANALYZER_NONNULL = YES;
				CLANG_CXX_LANGUAGE_STANDARD = "gnu++0x";
				CLANG_CXX_LIBRARY = "libc++";
				CLANG_ENABLE_MODULES = YES;
				CLANG_ENABLE_OBJC_ARC = YES;
				CLANG_WARN_BOOL_CONVERSION = YES;
				CLANG_WARN_CONSTANT_CONVERSION = YES;
				CLANG_WARN_DIRECT_OBJC_ISA_USAGE = YES_ERROR;
				CLANG_WARN_EMPTY_BODY = YES;
				CLANG_WARN_ENUM_CONVERSION = YES;
				CLANG_WARN_INT_CONVERSION = YES;
				CLANG_WARN_OBJC_ROOT_CLASS = YES_ERROR;
				CLANG_WARN_UNREACHABLE_CODE = YES;
				CLANG_WARN__DUPLICATE_METHOD_MATCH = YES;
				"CODE_SIGN_IDENTITY[sdk=iphoneos*]" = "iPhone Developer";
				COPY_PHASE_STRIP = NO;
				DEBUG_INFORMATION_FORMAT = "dwarf-with-dsym";
				ENABLE_NS_ASSERTIONS = NO;
				ENABLE_STRICT_OBJC_MSGSEND = YES;
				GCC_C_LANGUAGE_STANDARD = gnu99;
				GCC_NO_COMMON_BLOCKS = YES;
				GCC_WARN_64_TO_32_BIT_CONVERSION = YES;
				GCC_WARN_ABOUT_RETURN_TYPE = YES_ERROR;
				GCC_WARN_UNDECLARED_SELECTOR = YES;
				GCC_WARN_UNINITIALIZED_AUTOS = YES_AGGRESSIVE;
				GCC_WARN_UNUSED_FUNCTION = YES;
				GCC_WARN_UNUSED_VARIABLE = YES;
				IPHONEOS_DEPLOYMENT_TARGET = 9.3;
				MTL_ENABLE_DEBUG_INFO = NO;
				SDKROOT = iphoneos;
				VALIDATE_PRODUCT = YES;
			};
			name = Release;
		};
		E204CD981D80904E00330089 /* Debug */ = {
			isa = XCBuildConfiguration;
			buildSettings = {
				ASSETCATALOG_COMPILER_APPICON_NAME = AppIcon;
				INFOPLIST_FILE = SMUExampleOne/Info.plist;
				LD_RUNPATH_SEARCH_PATHS = "$(inherited) @executable_path/Frameworks";
				PRODUCT_BUNDLE_IDENTIFIER = VJEnterprises.SMUExampleOne;
				PRODUCT_NAME = "$(TARGET_NAME)";
			};
			name = Debug;
		};
		E204CD991D80904E00330089 /* Release */ = {
			isa = XCBuildConfiguration;
			buildSettings = {
				ASSETCATALOG_COMPILER_APPICON_NAME = AppIcon;
				INFOPLIST_FILE = SMUExampleOne/Info.plist;
				LD_RUNPATH_SEARCH_PATHS = "$(inherited) @executable_path/Frameworks";
				PRODUCT_BUNDLE_IDENTIFIER = VJEnterprises.SMUExampleOne;
				PRODUCT_NAME = "$(TARGET_NAME)";
			};
			name = Release;
		};
		E204CD9B1D80904E00330089 /* Debug */ = {
			isa = XCBuildConfiguration;
			buildSettings = {
				BUNDLE_LOADER = "$(TEST_HOST)";
				INFOPLIST_FILE = SMUExampleOneTests/Info.plist;
				LD_RUNPATH_SEARCH_PATHS = "$(inherited) @executable_path/Frameworks @loader_path/Frameworks";
				PRODUCT_BUNDLE_IDENTIFIER = VJEnterprises.SMUExampleOneTests;
				PRODUCT_NAME = "$(TARGET_NAME)";
				TEST_HOST = "$(BUILT_PRODUCTS_DIR)/SMUExampleOne.app/SMUExampleOne";
			};
			name = Debug;
		};
		E204CD9C1D80904E00330089 /* Release */ = {
			isa = XCBuildConfiguration;
			buildSettings = {
				BUNDLE_LOADER = "$(TEST_HOST)";
				INFOPLIST_FILE = SMUExampleOneTests/Info.plist;
				LD_RUNPATH_SEARCH_PATHS = "$(inherited) @executable_path/Frameworks @loader_path/Frameworks";
				PRODUCT_BUNDLE_IDENTIFIER = VJEnterprises.SMUExampleOneTests;
				PRODUCT_NAME = "$(TARGET_NAME)";
				TEST_HOST = "$(BUILT_PRODUCTS_DIR)/SMUExampleOne.app/SMUExampleOne";
			};
			name = Release;
		};
		E204CD9E1D80904E00330089 /* Debug */ = {
			isa = XCBuildConfiguration;
			buildSettings = {
				INFOPLIST_FILE = SMUExampleOneUITests/Info.plist;
				LD_RUNPATH_SEARCH_PATHS = "$(inherited) @executable_path/Frameworks @loader_path/Frameworks";
				PRODUCT_BUNDLE_IDENTIFIER = VJEnterprises.SMUExampleOneUITests;
				PRODUCT_NAME = "$(TARGET_NAME)";
				TEST_TARGET_NAME = SMUExampleOne;
			};
			name = Debug;
		};
		E204CD9F1D80904E00330089 /* Release */ = {
			isa = XCBuildConfiguration;
			buildSettings = {
				INFOPLIST_FILE = SMUExampleOneUITests/Info.plist;
				LD_RUNPATH_SEARCH_PATHS = "$(inherited) @executable_path/Frameworks @loader_path/Frameworks";
				PRODUCT_BUNDLE_IDENTIFIER = VJEnterprises.SMUExampleOneUITests;
				PRODUCT_NAME = "$(TARGET_NAME)";
				TEST_TARGET_NAME = SMUExampleOne;
			};
			name = Release;
		};
/* End XCBuildConfiguration section */

/* Begin XCConfigurationList section */
		E204CD651D80904E00330089 /* Build configuration list for PBXProject "SMUExampleOne" */ = {
			isa = XCConfigurationList;
			buildConfigurations = (
				E204CD951D80904E00330089 /* Debug */,
				E204CD961D80904E00330089 /* Release */,
			);
			defaultConfigurationIsVisible = 0;
			defaultConfigurationName = Release;
		};
		E204CD971D80904E00330089 /* Build configuration list for PBXNativeTarget "SMUExampleOne" */ = {
			isa = XCConfigurationList;
			buildConfigurations = (
				E204CD981D80904E00330089 /* Debug */,
				E204CD991D80904E00330089 /* Release */,
			);
			defaultConfigurationIsVisible = 0;
		};
		E204CD9A1D80904E00330089 /* Build configuration list for PBXNativeTarget "SMUExampleOneTests" */ = {
			isa = XCConfigurationList;
			buildConfigurations = (
				E204CD9B1D80904E00330089 /* Debug */,
				E204CD9C1D80904E00330089 /* Release */,
			);
			defaultConfigurationIsVisible = 0;
		};
		E204CD9D1D80904E00330089 /* Build configuration list for PBXNativeTarget "SMUExampleOneUITests" */ = {
			isa = XCConfigurationList;
			buildConfigurations = (
				E204CD9E1D80904E00330089 /* Debug */,
				E204CD9F1D80904E00330089 /* Release */,
			);
			defaultConfigurationIsVisible = 0;
		};
/* End XCConfigurationList section */
	};
	rootObject = E204CD621D80904E00330089 /* Project object */;
}
